
Microsoft Visual Studio Solution File, Format Version 12.00
# Visual Studio Version 17
VisualStudioVersion = 17.0.32014.148
MinimumVisualStudioVersion = 10.0.40219.1
Project("{8BC9CEB8-8B4A-11D0-8D11-00A0C91BC942}") = "ContourWalker", "ContourWalker\ContourWalker.vcxproj", "{47CCA658-9BF5-4C7E-9CA7-667AFBD4462C}"
	ProjectSection(ProjectDependencies) = postProject
		{ABB4FB65-A2F4-4BC8-9140-2B09ACF7FB38} = {ABB4FB65-A2F4-4BC8-9140-2B09ACF7FB38}
	EndProjectSection
EndProject
Project("{8BC9CEB8-8B4A-11D0-8D11-00A0C91BC942}") = "Filter", "Filter\Filter.vcxproj", "{91C29888-6A0C-4007-85F1-013256B93925}"
	ProjectSection(ProjectDependencies) = postProject
		{ABB4FB65-A2F4-4BC8-9140-2B09ACF7FB38} = {ABB4FB65-A2F4-4BC8-9140-2B09ACF7FB38}
	EndProjectSection
EndProject
Project("{8BC9CEB8-8B4A-11D0-8D11-00A0C91BC942}") = "Common", "Common\Common.vcxproj", "{ABB4FB65-A2F4-4BC8-9140-2B09ACF7FB38}"
EndProject
Global
	GlobalSection(SolutionConfigurationPlatforms) = preSolution
		Debug|x64 = Debug|x64
		Debug|x86 = Debug|x86
		Release|x64 = Release|x64
		Release|x86 = Release|x86
	EndGlobalSection
	GlobalSection(ProjectConfigurationPlatforms) = postSolution
		{47CCA658-9BF5-4C7E-9CA7-667AFBD4462C}.Debug|x64.ActiveCfg = Debug|x64
		{47CCA658-9BF5-4C7E-9CA7-667AFBD4462C}.Debug|x64.Build.0 = Debug|x64
		{47CCA658-9BF5-4C7E-9CA7-667AFBD4462C}.Debug|x86.ActiveCfg = Debug|Win32
		{47CCA658-9BF5-4C7E-9CA7-667AFBD4462C}.Debug|x86.Build.0 = Debug|Win32
		{47CCA658-9BF5-4C7E-9CA7-667AFBD4462C}.Release|x64.ActiveCfg = Release|x64
		{47CCA658-9BF5-4C7E-9CA7-667AFBD4462C}.Release|x64.Build.0 = Release|x64
		{47CCA658-9BF5-4C7E-9CA7-667AFBD4462C}.Release|x86.ActiveCfg = Release|Win32
		{47CCA658-9BF5-4C7E-9CA7-667AFBD4462C}.Release|x86.Build.0 = Release|Win32
		{91C29888-6A0C-4007-85F1-013256B93925}.Debug|x64.ActiveCfg = Debug|x64
		{91C29888-6A0C-4007-85F1-013256B93925}.Debug|x64.Build.0 = Debug|x64
		{91C29888-6A0C-4007-85F1-013256B93925}.Debug|x86.ActiveCfg = Debug|Win32
		{91C29888-6A0C-4007-85F1-013256B93925}.Debug|x86.Build.0 = Debug|Win32
		{91C29888-6A0C-4007-85F1-013256B93925}.Release|x64.ActiveCfg = Release|x64
		{91C29888-6A0C-4007-85F1-013256B93925}.Release|x64.Build.0 = Release|x64
		{91C29888-6A0C-4007-85F1-013256B93925}.Release|x86.ActiveCfg = Release|Win32
		{91C29888-6A0C-4007-85F1-013256B93925}.Release|x86.Build.0 = Release|Win32
		{ABB4FB65-A2F4-4BC8-9140-2B09ACF7FB38}.Debug|x64.ActiveCfg = Debug|x64
		{ABB4FB65-A2F4-4BC8-9140-2B09ACF7FB38}.Debug|x64.Build.0 = Debug|x64
		{ABB4FB65-A2F4-4BC8-9140-2B09ACF7FB38}.Debug|x86.ActiveCfg = Debug|Win32
		{ABB4FB65-A2F4-4BC8-9140-2B09ACF7FB38}.Debug|x86.Build.0 = Debug|Win32
		{ABB4FB65-A2F4-4BC8-9140-2B09ACF7FB38}.Release|x64.ActiveCfg = Release|x64
		{ABB4FB65-A2F4-4BC8-9140-2B09ACF7FB38}.Release|x64.Build.0 = Release|x64
		{ABB4FB65-A2F4-4BC8-9140-2B09ACF7FB38}.Release|x86.ActiveCfg = Release|Win32
		{ABB4FB65-A2F4-4BC8-9140-2B09ACF7FB38}.Release|x86.Build.0 = Release|Win32
	EndGlobalSection
	GlobalSection(SolutionProperties) = preSolution
		HideSolutionNode = FALSE
	EndGlobalSection
	GlobalSection(ExtensibilityGlobals) = postSolution
		SolutionGuid = {60722122-70BE-441A-8EC9-33E789CAE462}
	EndGlobalSection
EndGlobal
